{
  "pins" : [
    {
      "identity" : "swiftconvex",
      "kind" : "remoteSourceControl",
      "location" : "https://github.com/MathieuTricoire/SwiftConvex.git",
      "state" : {
        "revision" : "4d65c68bc19a6f1c0225e0821c8cfa84d23a85b1",
        "version" : "0.0.1"
      }
    }
  ],
  "version" : 2
}
